
Microsoft Visual Studio Solution File, Format Version 12.00
# Visual Studio Version 16
VisualStudioVersion = 16.0.30907.101
MinimumVisualStudioVersion = 10.0.40219.1
Project("{8BC9CEB8-8B4A-11D0-8D11-00A0C91BC942}") = "zad 2", "zad 2\zad 2.vcxproj", "{894A8C97-FB7E-406D-B47F-6E701042F186}"
EndProject
Global
	GlobalSection(SolutionConfigurationPlatforms) = preSolution
		Debug|x64 = Debug|x64
		Debug|x86 = Debug|x86
		Release|x64 = Release|x64
		Release|x86 = Release|x86
	EndGlobalSection
	GlobalSection(ProjectConfigurationPlatforms) = postSolution
		{894A8C97-FB7E-406D-B47F-6E701042F186}.Debug|x64.ActiveCfg = Debug|x64
		{894A8C97-FB7E-406D-B47F-6E701042F186}.Debug|x64.Build.0 = Debug|x64
		{894A8C97-FB7E-406D-B47F-6E701042F186}.Debug|x86.ActiveCfg = Debug|Win32
		{894A8C97-FB7E-406D-B47F-6E701042F186}.Debug|x86.Build.0 = Debug|Win32
		{894A8C97-FB7E-406D-B47F-6E701042F186}.Release|x64.ActiveCfg = Release|x64
		{894A8C97-FB7E-406D-B47F-6E701042F186}.Release|x64.Build.0 = Release|x64
		{894A8C97-FB7E-406D-B47F-6E701042F186}.Release|x86.ActiveCfg = Release|Win32
		{894A8C97-FB7E-406D-B47F-6E701042F186}.Release|x86.Build.0 = Release|Win32
	EndGlobalSection
	GlobalSection(SolutionProperties) = preSolution
		HideSolutionNode = FALSE
	EndGlobalSection
	GlobalSection(ExtensibilityGlobals) = postSolution
		SolutionGuid = {932D3218-24D2-4975-83AD-EF2D9B5B5897}
	EndGlobalSection
EndGlobal
